// !$*UTF8*$!
{
	archiveVersion = 1;
	classes = {
	};
	objectVersion = 46;
	objects = {

/* Begin PBXBuildFile section */
		DF2930411DAF6F7C00912D05 /* AppDelegate.swift in Sources */ = {isa = PBXBuildFile; fileRef = DF2930401DAF6F7C00912D05 /* AppDelegate.swift */; };
		DF2930431DAF6F7C00912D05 /* ViewController.swift in Sources */ = {isa = PBXBuildFile; fileRef = DF2930421DAF6F7C00912D05 /* ViewController.swift */; };
		DF2930461DAF6F7C00912D05 /* Main.storyboard in Resources */ = {isa = PBXBuildFile; fileRef = DF2930441DAF6F7C00912D05 /* Main.storyboard */; };
		DF2930481DAF6F7C00912D05 /* Assets.xcassets in Resources */ = {isa = PBXBuildFile; fileRef = DF2930471DAF6F7C00912D05 /* Assets.xcassets */; };
		DF29304B1DAF6F7C00912D05 /* LaunchScreen.storyboard in Resources */ = {isa = PBXBuildFile; fileRef = DF2930491DAF6F7C00912D05 /* LaunchScreen.storyboard */; };
/* End PBXBuildFile section */

/* Begin PBXFileReference section */
		DF29303D1DAF6F7C00912D05 /* AddPhotoFromCameraRoll.app */ = {isa = PBXFileReference; explicitFileType = wrapper.application; includeInIndex = 0; path = AddPhotoFromCameraRoll.app; sourceTree = BUILT_PRODUCTS_DIR; };
		DF2930401DAF6F7C00912D05 /* AppDelegate.swift */ = {isa = PBXFileReference; lastKnownFileType = sourcecode.swift; path = AppDelegate.swift; sourceTree = "<group>"; };
		DF2930421DAF6F7C00912D05 /* ViewController.swift */ = {isa = PBXFileReference; lastKnownFileType = sourcecode.swift; path = ViewController.swift; sourceTree = "<group>"; };
		DF2930451DAF6F7C00912D05 /* Base */ = {isa = PBXFileReference; lastKnownFileType = file.storyboard; name = Base; path = Base.lproj/Main.storyboard; sourceTree = "<group>"; };
		DF2930471DAF6F7C00912D05 /* Assets.xcassets */ = {isa = PBXFileReference; lastKnownFileType = folder.assetcatalog; path = Assets.xcassets; sourceTree = "<group>"; };
		DF29304A1DAF6F7C00912D05 /* Base */ = {isa = PBXFileReference; lastKnownFileType = file.storyboard; name = Base; path = Base.lproj/LaunchScreen.storyboard; sourceTree = "<group>"; };
		DF29304C1DAF6F7C00912D05 /* Info.plist */ = {isa = PBXFileReference; lastKnownFileType = text.plist.xml; path = Info.plist; sourceTree = "<group>"; };
/* End PBXFileReference section */

/* Begin PBXFrameworksBuildPhase section */
		DF29303A1DAF6F7C00912D05 /* Frameworks */ = {
			isa = PBXFrameworksBuildPhase;
			buildActionMask = 2147483647;
			files = (
			);
			runOnlyForDeploymentPostprocessing = 0;
		};
/* End PBXFrameworksBuildPhase section */

/* Begin PBXGroup section */
		DF2930341DAF6F7C00912D05 = {
			isa = PBXGroup;
			children = (
				DF29303F1DAF6F7C00912D05 /* AddPhotoFromCameraRoll */,
				DF29303E1DAF6F7C00912D05 /* Products */,
			);
			sourceTree = "<group>";
		};
		DF29303E1DAF6F7C00912D05 /* Products */ = {
			isa = PBXGroup;
			children = (
				DF29303D1DAF6F7C00912D05 /* AddPhotoFromCameraRoll.app */,
			);
			name = Products;
			sourceTree = "<group>";
		};
		DF29303F1DAF6F7C00912D05 /* AddPhotoFromCameraRoll */ = {
			isa = PBXGroup;
			children = (
				DF2930401DAF6F7C00912D05 /* AppDelegate.swift */,
				DF2930421DAF6F7C00912D05 /* ViewController.swift */,
				DF2930441DAF6F7C00912D05 /* Main.storyboard */,
				DF2930471DAF6F7C00912D05 /* Assets.xcassets */,
				DF2930491DAF6F7C00912D05 /* LaunchScreen.storyboard */,
				DF29304C1DAF6F7C00912D05 /* Info.plist */,
			);
			path = AddPhotoFromCameraRoll;
			sourceTree = "<group>";
		};
/* End PBXGroup section */

/* Begin PBXNativeTarget section */
		DF29303C1DAF6F7C00912D05 /* AddPhotoFromCameraRoll */ = {
			isa = PBXNativeTarget;
			buildConfigurationList = DF29304F1DAF6F7C00912D05 /* Build configuration list for PBXNativeTarget "AddPhotoFromCameraRoll" */;
			buildPhases = (
				DF2930391DAF6F7C00912D05 /* Sources */,
				DF29303A1DAF6F7C00912D05 /* Frameworks */,
				DF29303B1DAF6F7C00912D05 /* Resources */,
			);
			buildRules = (
			);
			dependencies = (
			);
			name = AddPhotoFromCameraRoll;
			productName = AddPhotoFromCameraRoll;
			productReference = DF29303D1DAF6F7C00912D05 /* AddPhotoFromCameraRoll.app */;
			productType = "com.apple.product-type.application";
		};
/* End PBXNativeTarget section */

/* Begin PBXProject section */
		DF2930351DAF6F7C00912D05 /* Project object */ = {
			isa = PBXProject;
			attributes = {
				LastSwiftUpdateCheck = 0800;
				LastUpgradeCheck = 0800;
				ORGANIZATIONNAME = "Mark Ronquillo";
				TargetAttributes = {
					DF29303C1DAF6F7C00912D05 = {
						CreatedOnToolsVersion = 8.0;
						ProvisioningStyle = Automatic;
					};
				};
			};
			buildConfigurationList = DF2930381DAF6F7C00912D05 /* Build configuration list for PBXProject "AddPhotoFromCameraRoll" */;
			compatibilityVersion = "Xcode 3.2";
			developmentRegion = English;
			hasScannedForEncodings = 0;
			knownRegions = (
				en,
				Base,
			);
			mainGroup = DF2930341DAF6F7C00912D05;
			productRefGroup = DF29303E1DAF6F7C00912D05 /* Products */;
			projectDirPath = "";
			projectRoot = "";
			targets = (
				DF29303C1DAF6F7C00912D05 /* AddPhotoFromCameraRoll */,
			);
		};
/* End PBXProject section */

/* Begin PBXResourcesBuildPhase section */
		DF29303B1DAF6F7C00912D05 /* Resources */ = {
			isa = PBXResourcesBuildPhase;
			buildActionMask = 2147483647;
			files = (
				DF29304B1DAF6F7C00912D05 /* LaunchScreen.storyboard in Resources */,
				DF2930481DAF6F7C00912D05 /* Assets.xcassets in Resources */,
				DF2930461DAF6F7C00912D05 /* Main.storyboard in Resources */,
			);
			runOnlyForDeploymentPostprocessing = 0;
		};
/* End PBXResourcesBuildPhase section */

/* Begin PBXSourcesBuildPhase section */
		DF2930391DAF6F7C00912D05 /* Sources */ = {
			isa = PBXSourcesBuildPhase;
			buildActionMask = 2147483647;
			files = (
				DF2930431DAF6F7C00912D05 /* ViewController.swift in Sources */,
				DF2930411DAF6F7C00912D05 /* AppDelegate.swift in Sources */,
			);
			runOnlyForDeploymentPostprocessing = 0;
		};
/* End PBXSourcesBuildPhase section */

/* Begin PBXVariantGroup section */
		DF2930441DAF6F7C00912D05 /* Main.storyboard */ = {
			isa = PBXVariantGroup;
			children = (
				DF2930451DAF6F7C00912D05 /* Base */,
			);
			name = Main.storyboard;
			sourceTree = "<group>";
		};
		DF2930491DAF6F7C00912D05 /* LaunchScreen.storyboard */ = {
			isa = PBXVariantGroup;
			children = (
				DF29304A1DAF6F7C00912D05 /* Base */,
			);
			name = LaunchScreen.storyboard;
			sourceTree = "<group>";
		};
/* End PBXVariantGroup section */

/* Begin XCBuildConfiguration section */
		DF29304D1DAF6F7C00912D05 /* Debug */ = {
			isa = XCBuildConfiguration;
			buildSettings = {
				ALWAYS_SEARCH_USER_PATHS = NO;
				CLANG_ANALYZER_NONNULL = YES;
				CLANG_CXX_LANGUAGE_STANDARD = "gnu++0x";
				CLANG_CXX_LIBRARY = "libc++";
				CLANG_ENABLE_MODULES = YES;
				CLANG_ENABLE_OBJC_ARC = YES;
				CLANG_WARN_BOOL_CONVERSION = YES;
				CLANG_WARN_CONSTANT_CONVERSION = YES;
				CLANG_WARN_DIRECT_OBJC_ISA_USAGE = YES_ERROR;
				CLANG_WARN_DOCUMENTATION_COMMENTS = YES;
				CLANG_WARN_EMPTY_BODY = YES;
				CLANG_WARN_ENUM_CONVERSION = YES;
				CLANG_WARN_INFINITE_RECURSION = YES;
				CLANG_WARN_INT_CONVERSION = YES;
				CLANG_WARN_OBJC_ROOT_CLASS = YES_ERROR;
				CLANG_WARN_SUSPICIOUS_MOVES = YES;
				CLANG_WARN_UNREACHABLE_CODE = YES;
				CLANG_WARN__DUPLICATE_METHOD_MATCH = YES;
				"CODE_SIGN_IDENTITY[sdk=iphoneos*]" = "iPhone Developer";
				COPY_PHASE_STRIP = NO;
				DEBUG_INFORMATION_FORMAT = dwarf;
				ENABLE_STRICT_OBJC_MSGSEND = YES;
				ENABLE_TESTABILITY = YES;
				GCC_C_LANGUAGE_STANDARD = gnu99;
				GCC_DYNAMIC_NO_PIC = NO;
				GCC_NO_COMMON_BLOCKS = YES;
				GCC_OPTIMIZATION_LEVEL = 0;
				GCC_PREPROCESSOR_DEFINITIONS = (
					"DEBUG=1",
					"$(inherited)",
				);
				GCC_WARN_64_TO_32_BIT_CONVERSION = YES;
				GCC_WARN_ABOUT_RETURN_TYPE = YES_ERROR;
				GCC_WARN_UNDECLARED_SELECTOR = YES;
				GCC_WARN_UNINITIALIZED_AUTOS = YES_AGGRESSIVE;
				GCC_WARN_UNUSED_FUNCTION = YES;
				GCC_WARN_UNUSED_VARIABLE = YES;
				IPHONEOS_DEPLOYMENT_TARGET = 10.0;
				MTL_ENABLE_DEBUG_INFO = YES;
				ONLY_ACTIVE_ARCH = YES;
				SDKROOT = iphoneos;
				SWIFT_ACTIVE_COMPILATION_CONDITIONS = DEBUG;
				SWIFT_OPTIMIZATION_LEVEL = "-Onone";
			};
			name = Debug;
		};
		DF29304E1DAF6F7C00912D05 /* Release */ = {
			isa = XCBuildConfiguration;
			buildSettings = {
				ALWAYS_SEARCH_USER_PATHS = NO;
				CLANG_ANALYZER_NONNULL = YES;
				CLANG_CXX_LANGUAGE_STANDARD = "gnu++0x";
				CLANG_CXX_LIBRARY = "libc++";
				CLANG_ENABLE_MODULES = YES;
				CLANG_ENABLE_OBJC_ARC = YES;
				CLANG_WARN_BOOL_CONVERSION = YES;
				CLANG_WARN_CONSTANT_CONVERSION = YES;
				CLANG_WARN_DIRECT_OBJC_ISA_USAGE = YES_ERROR;
				CLANG_WARN_DOCUMENTATION_COMMENTS = YES;
				CLANG_WARN_EMPTY_BODY = YES;
				CLANG_WARN_ENUM_CONVERSION = YES;
				CLANG_WARN_INFINITE_RECURSION = YES;
				CLANG_WARN_INT_CONVERSION = YES;
				CLANG_WARN_OBJC_ROOT_CLASS = YES_ERROR;
				CLANG_WARN_SUSPICIOUS_MOVES = YES;
				CLANG_WARN_UNREACHABLE_CODE = YES;
				CLANG_WARN__DUPLICATE_METHOD_MATCH = YES;
				"CODE_SIGN_IDENTITY[sdk=iphoneos*]" = "iPhone Developer";
				COPY_PHASE_STRIP = NO;
				DEBUG_INFORMATION_FORMAT = "dwarf-with-dsym";
				ENABLE_NS_ASSERTIONS = NO;
				ENABLE_STRICT_OBJC_MSGSEND = YES;
				GCC_C_LANGUAGE_STANDARD = gnu99;
				GCC_NO_COMMON_BLOCKS = YES;
				GCC_WARN_64_TO_32_BIT_CONVERSION = YES;
				GCC_WARN_ABOUT_RETURN_TYPE = YES_ERROR;
				GCC_WARN_UNDECLARED_SELECTOR = YES;
				GCC_WARN_UNINITIALIZED_AUTOS = YES_AGGRESSIVE;
				GCC_WARN_UNUSED_FUNCTION = YES;
				GCC_WARN_UNUSED_VARIABLE = YES;
				IPHONEOS_DEPLOYMENT_TARGET = 10.0;
				MTL_ENABLE_DEBUG_INFO = NO;
				SDKROOT = iphoneos;
				SWIFT_OPTIMIZATION_LEVEL = "-Owholemodule";
				VALIDATE_PRODUCT = YES;
			};
			name = Release;
		};
		DF2930501DAF6F7C00912D05 /* Debug */ = {
			isa = XCBuildConfiguration;
			buildSettings = {
				ASSETCATALOG_COMPILER_APPICON_NAME = AppIcon;
				INFOPLIST_FILE = AddPhotoFromCameraRoll/Info.plist;
				LD_RUNPATH_SEARCH_PATHS = "$(inherited) @executable_path/Frameworks";
				PRODUCT_BUNDLE_IDENTIFIER = ph.markronquillo.70ProjectsInSwift.AddPhotoFromCameraRoll;
				PRODUCT_NAME = "$(TARGET_NAME)";
				SWIFT_VERSION = 3.0;
			};
			name = Debug;
		};
		DF2930511DAF6F7C00912D05 /* Release */ = {
			isa = XCBuildConfiguration;
			buildSettings = {
				ASSETCATALOG_COMPILER_APPICON_NAME = AppIcon;
				INFOPLIST_FILE = AddPhotoFromCameraRoll/Info.plist;
				LD_RUNPATH_SEARCH_PATHS = "$(inherited) @executable_path/Frameworks";
				PRODUCT_BUNDLE_IDENTIFIER = ph.markronquillo.70ProjectsInSwift.AddPhotoFromCameraRoll;
				PRODUCT_NAME = "$(TARGET_NAME)";
				SWIFT_VERSION = 3.0;
			};
			name = Release;
		};
/* End XCBuildConfiguration section */

/* Begin XCConfigurationList section */
		DF2930381DAF6F7C00912D05 /* Build configuration list for PBXProject "AddPhotoFromCameraRoll" */ = {
			isa = XCConfigurationList;
			buildConfigurations = (
				DF29304D1DAF6F7C00912D05 /* Debug */,
				DF29304E1DAF6F7C00912D05 /* Release */,
			);
			defaultConfigurationIsVisible = 0;
			defaultConfigurationName = Release;
		};
		DF29304F1DAF6F7C00912D05 /* Build configuration list for PBXNativeTarget "AddPhotoFromCameraRoll" */ = {
			isa = XCConfigurationList;
			buildConfigurations = (
				DF2930501DAF6F7C00912D05 /* Debug */,
				DF2930511DAF6F7C00912D05 /* Release */,
			);
			defaultConfigurationIsVisible = 0;
		};
/* End XCConfigurationList section */
	};
	rootObject = DF2930351DAF6F7C00912D05 /* Project object */;
}
